
Microsoft Visual Studio Solution File, Format Version 12.00
# Visual Studio Version 16
VisualStudioVersion = 16.0.31005.135
MinimumVisualStudioVersion = 10.0.40219.1
Project("{FAE04EC0-301F-11D3-BF4B-00C04F79EFBC}") = "CSharpTest2", "CSharpTest2\CSharpTest2.csproj", "{FBB356A7-C9EB-47EF-B57D-E00C56F02828}"
EndProject
Global
	GlobalSection(SolutionConfigurationPlatforms) = preSolution
		Debug|Any CPU = Debug|Any CPU
		Release|Any CPU = Release|Any CPU
	EndGlobalSection
	GlobalSection(ProjectConfigurationPlatforms) = postSolution
		{FBB356A7-C9EB-47EF-B57D-E00C56F02828}.Debug|Any CPU.ActiveCfg = Debug|Any CPU
		{FBB356A7-C9EB-47EF-B57D-E00C56F02828}.Debug|Any CPU.Build.0 = Debug|Any CPU
		{FBB356A7-C9EB-47EF-B57D-E00C56F02828}.Release|Any CPU.ActiveCfg = Release|Any CPU
		{FBB356A7-C9EB-47EF-B57D-E00C56F02828}.Release|Any CPU.Build.0 = Release|Any CPU
	EndGlobalSection
	GlobalSection(SolutionProperties) = preSolution
		HideSolutionNode = FALSE
	EndGlobalSection
	GlobalSection(ExtensibilityGlobals) = postSolution
		SolutionGuid = {E6FEB57D-1930-481C-B286-EB8C0879EDD2}
	EndGlobalSection
EndGlobal
